
Microsoft Visual Studio Solution File, Format Version 12.00
Project("{FAE04EC0-301F-11D3-BF4B-00C04F79EFBC}") = "OneSchemaSandbox", "src\OneSchemaSandbox\OneSchemaSandbox.csproj", "{BF251749-69BC-4197-BECE-7902F8A50B49}"
EndProject
Project("{FAE04EC0-301F-11D3-BF4B-00C04F79EFBC}") = "OneSchema.AspNetCore", "src\OneSchema.AspNetCore\OneSchema.AspNetCore.csproj", "{84CB9577-C18D-493C-8034-2A8675DA78DF}"
EndProject
Project("{FAE04EC0-301F-11D3-BF4B-00C04F79EFBC}") = "OneSchema.AspNetCore.Tests", "src\OneSchema.AspNetCore.Tests\OneSchema.AspNetCore.Tests.csproj", "{7A65BA38-09D3-4EAF-9680-4748CE6B36CC}"
EndProject
Global
	GlobalSection(SolutionConfigurationPlatforms) = preSolution
		Debug|Any CPU = Debug|Any CPU
		Release|Any CPU = Release|Any CPU
	EndGlobalSection
	GlobalSection(ProjectConfigurationPlatforms) = postSolution
		{BF251749-69BC-4197-BECE-7902F8A50B49}.Debug|Any CPU.ActiveCfg = Debug|Any CPU
		{BF251749-69BC-4197-BECE-7902F8A50B49}.Debug|Any CPU.Build.0 = Debug|Any CPU
		{BF251749-69BC-4197-BECE-7902F8A50B49}.Release|Any CPU.ActiveCfg = Release|Any CPU
		{BF251749-69BC-4197-BECE-7902F8A50B49}.Release|Any CPU.Build.0 = Release|Any CPU
		{84CB9577-C18D-493C-8034-2A8675DA78DF}.Debug|Any CPU.ActiveCfg = Debug|Any CPU
		{84CB9577-C18D-493C-8034-2A8675DA78DF}.Debug|Any CPU.Build.0 = Debug|Any CPU
		{84CB9577-C18D-493C-8034-2A8675DA78DF}.Release|Any CPU.ActiveCfg = Release|Any CPU
		{84CB9577-C18D-493C-8034-2A8675DA78DF}.Release|Any CPU.Build.0 = Release|Any CPU
		{7A65BA38-09D3-4EAF-9680-4748CE6B36CC}.Debug|Any CPU.ActiveCfg = Debug|Any CPU
		{7A65BA38-09D3-4EAF-9680-4748CE6B36CC}.Debug|Any CPU.Build.0 = Debug|Any CPU
		{7A65BA38-09D3-4EAF-9680-4748CE6B36CC}.Release|Any CPU.ActiveCfg = Release|Any CPU
		{7A65BA38-09D3-4EAF-9680-4748CE6B36CC}.Release|Any CPU.Build.0 = Release|Any CPU
	EndGlobalSection
EndGlobal
